<?xml version="1.0" encoding="utf-8"?>
<Project ToolsVersion="4.0" xmlns="http://schemas.microsoft.com/developer/msbuild/2003">
  <ItemGroup>
    <Filter Include="Source Files">
      <UniqueIdentifier>{4FC737F1-C7A5-4376-A066-2A32D752A2FF}</UniqueIdentifier>
      <Extensions>cpp;c;cc;cxx;def;odl;idl;hpj;bat;asm;asmx</Extensions>
    </Filter>
    <Filter Include="Header Files">
      <UniqueIdentifier>{93995380-89BD-4b04-88EB-625FBE52EBFB}</UniqueIdentifier>
      <Extensions>h;hh;hpp;hxx;hm;inl;inc;ipp;xsd</Extensions>
    </Filter>
    <Filter Include="Resource Files">
      <UniqueIdentifier>{67DA6AB6-F800-4c08-8B7A-83BB121AAD01}</UniqueIdentifier>
      <Extensions>rc;ico;cur;bmp;dlg;rc2;rct;bin;rgs;gif;jpg;jpeg;jpe;resx;tiff;tif;png;wav;mfcribbon-ms</Extensions>
    </Filter>
    <Filter Include="Header Files\Processing">
      <UniqueIdentifier>{48182af0-4a3b-4752-8db0-de2c2717f03a}</UniqueIdentifier>
    </Filter>
    <Filter Include="Source Files\Processing">
      <UniqueIdentifier>{b013387f-5794-4cc3-b132-bef4e24281e0}</UniqueIdentifier>
    </Filter>
    <Filter Include="Header Files\Input">
      <UniqueIdentifier>{d6951e14-5c3f-4083-a636-a075dba70e49}</UniqueIdentifier>
    </Filter>
    <Filter Include="Header Files\Visualization">
      <UniqueIdentifier>{19164088-ce7d-4e28-9fc7-ab7cbbed03ff}</UniqueIdentifier>
    </Filter>
    <Filter Include="Source Files\Input">
      <UniqueIdentifier>{4aad73a4-a78d-4958-b980-ebfdf09b5b87}</UniqueIdentifier>
    </Filter>
    <Filter Include="Source Files\Visualization">
      <UniqueIdentifier>{27ed6795-148b-4f9d-bc56-fa0189ae73fc}</UniqueIdentifier>
    </Filter>
    <Filter Include="Header Files\Utils">
      <UniqueIdentifier>{6b40b324-c849-4eef-a901-a4b3cbe9ebc6}</UniqueIdentifier>
    </Filter>
    <Filter Include="Header Files\Player">
      <UniqueIdentifier>{edddac5e-8be9-4a9c-9066-481cbf60c39b}</UniqueIdentifier>
    </Filter>
    <Filter Include="Source Files\Utils">
      <UniqueIdentifier>{1825d5ca-eb59-4f4b-809e-9376d5642186}</UniqueIdentifier>
    </Filter>
    <Filter Include="Source Files\Player">
      <UniqueIdentifier>{95e47469-c8d6-4d9b-af06-bacccec807a4}</UniqueIdentifier>
    </Filter>
    <Filter Include="Source Files\Visualization\OpenGL">
      <UniqueIdentifier>{34fc8dc1-8f16-4171-9874-f104c43b44d8}</UniqueIdentifier>
    </Filter>
    <Filter Include="Header Files\Visualization\OpenGL">
      <UniqueIdentifier>{7011c651-02e2-4f88-ae1e-e917477bb48e}</UniqueIdentifier>
    </Filter>
  </ItemGroup>
  <ItemGroup>
    <ClCompile Include="FFT.cpp">
      <Filter>Source Files\Processing</Filter>
    </ClCompile>
    <ClCompile Include="FourierTransform.cpp">
      <Filter>Source Files\Processing</Filter>
    </ClCompile>
    <ClCompile Include="sdlutil.cpp">
      <Filter>Source Files\Visualization</Filter>
    </ClCompile>
    <ClCompile Include="AudioFileReader.cpp">
      <Filter>Source Files\Input</Filter>
    </ClCompile>
    <ClCompile Include="SampleConverter.cpp">
      <Filter>Source Files\Utils</Filter>
    </ClCompile>
    <ClCompile Include="App.cpp">
      <Filter>Source Files</Filter>
    </ClCompile>
    <ClCompile Include="OpenALPlayer.cpp">
      <Filter>Source Files\Player</Filter>
    </ClCompile>
    <ClCompile Include="WindowsPlayer.cpp">
      <Filter>Source Files\Input</Filter>
    </ClCompile>
    <ClCompile Include="FFTFilter.cpp">
      <Filter>Source Files\Processing</Filter>
    </ClCompile>
    <ClCompile Include="AudioVisualizer.cpp">
      <Filter>Source Files\Visualization</Filter>
    </ClCompile>
    <ClCompile Include="ImageRenderer.cpp">
      <Filter>Source Files\Visualization\OpenGL</Filter>
    </ClCompile>
    <ClCompile Include="ShaderProgram.cpp">
      <Filter>Source Files\Visualization\OpenGL</Filter>
    </ClCompile>
    <ClCompile Include="Display.cpp">
      <Filter>Source Files\Visualization\OpenGL</Filter>
    </ClCompile>
    <ClCompile Include="ImageShader.cpp">
      <Filter>Source Files\Visualization\OpenGL</Filter>
    </ClCompile>
    <ClCompile Include="Loader.cpp">
      <Filter>Source Files\Visualization\OpenGL</Filter>
    </ClCompile>
    <ClCompile Include="Visualizer.cpp">
      <Filter>Source Files\Visualization\OpenGL</Filter>
    </ClCompile>
  </ItemGroup>
  <ItemGroup>
    <ClInclude Include="BartlettHannWindow.h">
      <Filter>Header Files\Processing</Filter>
    </ClInclude>
    <ClInclude Include="BartlettWindow.h">
      <Filter>Header Files\Processing</Filter>
    </ClInclude>
    <ClInclude Include="BlackmanWindow.h">
      <Filter>Header Files\Processing</Filter>
    </ClInclude>
    <ClInclude Include="CosineWindow.h">
      <Filter>Header Files\Processing</Filter>
    </ClInclude>
    <ClInclude Include="FFT.h">
      <Filter>Header Files\Processing</Filter>
    </ClInclude>
    <ClInclude Include="FourierTransform.h">
      <Filter>Header Files\Processing</Filter>
    </ClInclude>
    <ClInclude Include="GaussWindow.h">
      <Filter>Header Files\Processing</Filter>
    </ClInclude>
    <ClInclude Include="HammingWindow.h">
      <Filter>Header Files\Processing</Filter>
    </ClInclude>
    <ClInclude Include="HannWindow.h">
      <Filter>Header Files\Processing</Filter>
    </ClInclude>
    <ClInclude Include="LanczosWindow.h">
      <Filter>Header Files\Processing</Filter>
    </ClInclude>
    <ClInclude Include="RectangularWindow.h">
      <Filter>Header Files\Processing</Filter>
    </ClInclude>
    <ClInclude Include="TriangularWindow.h">
      <Filter>Header Files\Processing</Filter>
    </ClInclude>
    <ClInclude Include="WindowFunction.h">
      <Filter>Header Files\Processing</Filter>
    </ClInclude>
    <ClInclude Include="sdlutil.h">
      <Filter>Header Files\Visualization</Filter>
    </ClInclude>
    <ClInclude Include="AudioFileReader.h">
      <Filter>Header Files\Input</Filter>
    </ClInclude>
    <ClInclude Include="AudioInput.h">
      <Filter>Header Files\Input</Filter>
    </ClInclude>
    <ClInclude Include="Resources.h">
      <Filter>Header Files\Utils</Filter>
    </ClInclude>
    <ClInclude Include="SampleConverter.h">
      <Filter>Header Files\Utils</Filter>
    </ClInclude>
    <ClInclude Include="AudioPlayer.h">
      <Filter>Header Files\Player</Filter>
    </ClInclude>
    <ClInclude Include="OpenALPlayer.h">
      <Filter>Header Files\Player</Filter>
    </ClInclude>
    <ClInclude Include="AudioProcessor.h">
      <Filter>Header Files\Processing</Filter>
    </ClInclude>
    <ClInclude Include="PacketQueue.h">
      <Filter>Header Files\Utils</Filter>
    </ClInclude>
    <ClInclude Include="WindowsPlayer.h">
      <Filter>Header Files\Player</Filter>
    </ClInclude>
    <ClInclude Include="FFTFilter.h">
      <Filter>Header Files\Processing</Filter>
    </ClInclude>
    <ClInclude Include="AudioVisualizer.h">
      <Filter>Header Files\Visualization</Filter>
    </ClInclude>
    <ClInclude Include="ImageRenderer.h">
      <Filter>Header Files\Visualization\OpenGL</Filter>
    </ClInclude>
    <ClInclude Include="ImageShader.h">
      <Filter>Header Files\Visualization\OpenGL</Filter>
    </ClInclude>
    <ClInclude Include="Camera.h">
      <Filter>Header Files\Visualization\OpenGL</Filter>
    </ClInclude>
    <ClInclude Include="ShaderProgram.h">
      <Filter>Header Files\Visualization\OpenGL</Filter>
    </ClInclude>
    <ClInclude Include="Display.h">
      <Filter>Header Files\Visualization\OpenGL</Filter>
    </ClInclude>
    <ClInclude Include="Loader.h">
      <Filter>Header Files\Visualization\OpenGL</Filter>
    </ClInclude>
    <ClInclude Include="Visualizer.h">
      <Filter>Header Files\Visualization\OpenGL</Filter>
    </ClInclude>
  </ItemGroup>
</Project>